
Microsoft Visual Studio Solution File, Format Version 12.00
# Visual Studio 15
VisualStudioVersion = 15.0.26730.16
MinimumVisualStudioVersion = 10.0.40219.1
Project("{FAE04EC0-301F-11D3-BF4B-00C04F79EFBC}") = "Workers.DataLayer", "Workers.DataLayer\Workers.DataLayer.csproj", "{A0CB88E8-04FA-423D-9404-73D4DF9BAF49}"
EndProject
Project("{FAE04EC0-301F-11D3-BF4B-00C04F79EFBC}") = "Workers.BusinessLogic.Interfaces", "Workers.BusinessLogic.Interfaces\Workers.BusinessLogic.Interfaces.csproj", "{90DCBD4D-5674-4D8C-8F44-6E7979D5F761}"
EndProject
Project("{FAE04EC0-301F-11D3-BF4B-00C04F79EFBC}") = "Workers.BusinessLogic", "Workers.BusinessLogic\Workers.BusinessLogic.csproj", "{0BFDDB0F-DA3D-4972-9FED-76B8068E7883}"
EndProject
Project("{FAE04EC0-301F-11D3-BF4B-00C04F79EFBC}") = "Workers.ViewModels", "Workers.ViewModels\Workers.ViewModels.csproj", "{0CC7B98C-D6E7-4B4A-84E8-07B1C477A01D}"
EndProject
Project("{FAE04EC0-301F-11D3-BF4B-00C04F79EFBC}") = "Workers.Views", "Workers.Views\Workers.Views.csproj", "{B5704B0E-987C-459A-BC6B-DC093DEF9F55}"
EndProject
Project("{FAE04EC0-301F-11D3-BF4B-00C04F79EFBC}") = "UnitTests", "UnitTests\UnitTests.csproj", "{5C269A55-1A13-4D26-91E1-54F6E33B7519}"
EndProject
Project("{2150E333-8FDC-42A3-9474-1A3956D46DE8}") = "DataLayer", "DataLayer", "{2658AEE0-CB55-480D-8240-3598F1C7F5C1}"
EndProject
Project("{2150E333-8FDC-42A3-9474-1A3956D46DE8}") = "BusinessLogicLayer", "BusinessLogicLayer", "{592B1C88-3697-493E-9164-DE408500EDF4}"
EndProject
Project("{2150E333-8FDC-42A3-9474-1A3956D46DE8}") = "PresentationLayer", "PresentationLayer", "{A24C8BC2-089E-4C2D-9C41-C1E453AD2DDA}"
EndProject
Project("{FAE04EC0-301F-11D3-BF4B-00C04F79EFBC}") = "Workers.Application", "Workers.Application\Workers.Application.csproj", "{353D3995-F53F-48F7-81CA-70F855433905}"
EndProject
Project("{2150E333-8FDC-42A3-9474-1A3956D46DE8}") = "Xamarin", "Xamarin", "{87F01E10-A43F-4E4F-9539-D884B6FA112A}"
EndProject
Project("{FAE04EC0-301F-11D3-BF4B-00C04F79EFBC}") = "Workers.Mobile.App.Android", "Workers.Mobile.App\Workers.Mobile.App.Android\Workers.Mobile.App.Android.csproj", "{62961524-3D25-4EED-8912-4CE18C380F28}"
EndProject
Project("{FAE04EC0-301F-11D3-BF4B-00C04F79EFBC}") = "Workers.Mobile.App", "Workers.Mobile.App\Workers.Mobile.App\Workers.Mobile.App.csproj", "{F9018A5E-45C8-45EE-A4F9-983B10767BF4}"
EndProject
Project("{FAE04EC0-301F-11D3-BF4B-00C04F79EFBC}") = "Workers.Mobile.App.UWP", "Workers.Mobile.App\Workers.Mobile.App.UWP\Workers.Mobile.App.UWP.csproj", "{754C0F1F-F2D8-4EED-AA8C-EA45D6D379BC}"
EndProject
Project("{FAE04EC0-301F-11D3-BF4B-00C04F79EFBC}") = "Workers.Mobile.App.iOS", "Workers.Mobile.App\Workers.Mobile.App.iOS\Workers.Mobile.App.iOS.csproj", "{E37977D2-BC31-43DF-A1A2-97A1FCAB0CD2}"
EndProject
Global
	GlobalSection(SolutionConfigurationPlatforms) = preSolution
		Ad-Hoc|Any CPU = Ad-Hoc|Any CPU
		Ad-Hoc|ARM = Ad-Hoc|ARM
		Ad-Hoc|iPhone = Ad-Hoc|iPhone
		Ad-Hoc|iPhoneSimulator = Ad-Hoc|iPhoneSimulator
		Ad-Hoc|x64 = Ad-Hoc|x64
		Ad-Hoc|x86 = Ad-Hoc|x86
		AppStore|Any CPU = AppStore|Any CPU
		AppStore|ARM = AppStore|ARM
		AppStore|iPhone = AppStore|iPhone
		AppStore|iPhoneSimulator = AppStore|iPhoneSimulator
		AppStore|x64 = AppStore|x64
		AppStore|x86 = AppStore|x86
		Debug|Any CPU = Debug|Any CPU
		Debug|ARM = Debug|ARM
		Debug|iPhone = Debug|iPhone
		Debug|iPhoneSimulator = Debug|iPhoneSimulator
		Debug|x64 = Debug|x64
		Debug|x86 = Debug|x86
		Release|Any CPU = Release|Any CPU
		Release|ARM = Release|ARM
		Release|iPhone = Release|iPhone
		Release|iPhoneSimulator = Release|iPhoneSimulator
		Release|x64 = Release|x64
		Release|x86 = Release|x86
	EndGlobalSection
	GlobalSection(ProjectConfigurationPlatforms) = postSolution
		{A0CB88E8-04FA-423D-9404-73D4DF9BAF49}.Ad-Hoc|Any CPU.ActiveCfg = Release|Any CPU
		{A0CB88E8-04FA-423D-9404-73D4DF9BAF49}.Ad-Hoc|Any CPU.Build.0 = Release|Any CPU
		{A0CB88E8-04FA-423D-9404-73D4DF9BAF49}.Ad-Hoc|ARM.ActiveCfg = Release|Any CPU
		{A0CB88E8-04FA-423D-9404-73D4DF9BAF49}.Ad-Hoc|ARM.Build.0 = Release|Any CPU
		{A0CB88E8-04FA-423D-9404-73D4DF9BAF49}.Ad-Hoc|iPhone.ActiveCfg = Release|Any CPU
		{A0CB88E8-04FA-423D-9404-73D4DF9BAF49}.Ad-Hoc|iPhone.Build.0 = Release|Any CPU
		{A0CB88E8-04FA-423D-9404-73D4DF9BAF49}.Ad-Hoc|iPhoneSimulator.ActiveCfg = Release|Any CPU
		{A0CB88E8-04FA-423D-9404-73D4DF9BAF49}.Ad-Hoc|iPhoneSimulator.Build.0 = Release|Any CPU
		{A0CB88E8-04FA-423D-9404-73D4DF9BAF49}.Ad-Hoc|x64.ActiveCfg = Release|Any CPU
		{A0CB88E8-04FA-423D-9404-73D4DF9BAF49}.Ad-Hoc|x64.Build.0 = Release|Any CPU
		{A0CB88E8-04FA-423D-9404-73D4DF9BAF49}.Ad-Hoc|x86.ActiveCfg = Release|Any CPU
		{A0CB88E8-04FA-423D-9404-73D4DF9BAF49}.Ad-Hoc|x86.Build.0 = Release|Any CPU
		{A0CB88E8-04FA-423D-9404-73D4DF9BAF49}.AppStore|Any CPU.ActiveCfg = Release|Any CPU
		{A0CB88E8-04FA-423D-9404-73D4DF9BAF49}.AppStore|Any CPU.Build.0 = Release|Any CPU
		{A0CB88E8-04FA-423D-9404-73D4DF9BAF49}.AppStore|ARM.ActiveCfg = Release|Any CPU
		{A0CB88E8-04FA-423D-9404-73D4DF9BAF49}.AppStore|ARM.Build.0 = Release|Any CPU
		{A0CB88E8-04FA-423D-9404-73D4DF9BAF49}.AppStore|iPhone.ActiveCfg = Release|Any CPU
		{A0CB88E8-04FA-423D-9404-73D4DF9BAF49}.AppStore|iPhone.Build.0 = Release|Any CPU
		{A0CB88E8-04FA-423D-9404-73D4DF9BAF49}.AppStore|iPhoneSimulator.ActiveCfg = Release|Any CPU
		{A0CB88E8-04FA-423D-9404-73D4DF9BAF49}.AppStore|iPhoneSimulator.Build.0 = Release|Any CPU
		{A0CB88E8-04FA-423D-9404-73D4DF9BAF49}.AppStore|x64.ActiveCfg = Release|Any CPU
		{A0CB88E8-04FA-423D-9404-73D4DF9BAF49}.AppStore|x64.Build.0 = Release|Any CPU
		{A0CB88E8-04FA-423D-9404-73D4DF9BAF49}.AppStore|x86.ActiveCfg = Release|Any CPU
		{A0CB88E8-04FA-423D-9404-73D4DF9BAF49}.AppStore|x86.Build.0 = Release|Any CPU
		{A0CB88E8-04FA-423D-9404-73D4DF9BAF49}.Debug|Any CPU.ActiveCfg = Debug|Any CPU
		{A0CB88E8-04FA-423D-9404-73D4DF9BAF49}.Debug|Any CPU.Build.0 = Debug|Any CPU
		{A0CB88E8-04FA-423D-9404-73D4DF9BAF49}.Debug|ARM.ActiveCfg = Debug|Any CPU
		{A0CB88E8-04FA-423D-9404-73D4DF9BAF49}.Debug|ARM.Build.0 = Debug|Any CPU
		{A0CB88E8-04FA-423D-9404-73D4DF9BAF49}.Debug|iPhone.ActiveCfg = Debug|Any CPU
		{A0CB88E8-04FA-423D-9404-73D4DF9BAF49}.Debug|iPhone.Build.0 = Debug|Any CPU
		{A0CB88E8-04FA-423D-9404-73D4DF9BAF49}.Debug|iPhoneSimulator.ActiveCfg = Debug|Any CPU
		{A0CB88E8-04FA-423D-9404-73D4DF9BAF49}.Debug|iPhoneSimulator.Build.0 = Debug|Any CPU
		{A0CB88E8-04FA-423D-9404-73D4DF9BAF49}.Debug|x64.ActiveCfg = Debug|Any CPU
		{A0CB88E8-04FA-423D-9404-73D4DF9BAF49}.Debug|x64.Build.0 = Debug|Any CPU
		{A0CB88E8-04FA-423D-9404-73D4DF9BAF49}.Debug|x86.ActiveCfg = Debug|Any CPU
		{A0CB88E8-04FA-423D-9404-73D4DF9BAF49}.Debug|x86.Build.0 = Debug|Any CPU
		{A0CB88E8-04FA-423D-9404-73D4DF9BAF49}.Release|Any CPU.ActiveCfg = Release|Any CPU
		{A0CB88E8-04FA-423D-9404-73D4DF9BAF49}.Release|Any CPU.Build.0 = Release|Any CPU
		{A0CB88E8-04FA-423D-9404-73D4DF9BAF49}.Release|ARM.ActiveCfg = Release|Any CPU
		{A0CB88E8-04FA-423D-9404-73D4DF9BAF49}.Release|ARM.Build.0 = Release|Any CPU
		{A0CB88E8-04FA-423D-9404-73D4DF9BAF49}.Release|iPhone.ActiveCfg = Release|Any CPU
		{A0CB88E8-04FA-423D-9404-73D4DF9BAF49}.Release|iPhone.Build.0 = Release|Any CPU
		{A0CB88E8-04FA-423D-9404-73D4DF9BAF49}.Release|iPhoneSimulator.ActiveCfg = Release|Any CPU
		{A0CB88E8-04FA-423D-9404-73D4DF9BAF49}.Release|iPhoneSimulator.Build.0 = Release|Any CPU
		{A0CB88E8-04FA-423D-9404-73D4DF9BAF49}.Release|x64.ActiveCfg = Release|Any CPU
		{A0CB88E8-04FA-423D-9404-73D4DF9BAF49}.Release|x64.Build.0 = Release|Any CPU
		{A0CB88E8-04FA-423D-9404-73D4DF9BAF49}.Release|x86.ActiveCfg = Release|Any CPU
		{A0CB88E8-04FA-423D-9404-73D4DF9BAF49}.Release|x86.Build.0 = Release|Any CPU
		{90DCBD4D-5674-4D8C-8F44-6E7979D5F761}.Ad-Hoc|Any CPU.ActiveCfg = Release|Any CPU
		{90DCBD4D-5674-4D8C-8F44-6E7979D5F761}.Ad-Hoc|Any CPU.Build.0 = Release|Any CPU
		{90DCBD4D-5674-4D8C-8F44-6E7979D5F761}.Ad-Hoc|ARM.ActiveCfg = Release|Any CPU
		{90DCBD4D-5674-4D8C-8F44-6E7979D5F761}.Ad-Hoc|ARM.Build.0 = Release|Any CPU
		{90DCBD4D-5674-4D8C-8F44-6E7979D5F761}.Ad-Hoc|iPhone.ActiveCfg = Release|Any CPU
		{90DCBD4D-5674-4D8C-8F44-6E7979D5F761}.Ad-Hoc|iPhone.Build.0 = Release|Any CPU
		{90DCBD4D-5674-4D8C-8F44-6E7979D5F761}.Ad-Hoc|iPhoneSimulator.ActiveCfg = Release|Any CPU
		{90DCBD4D-5674-4D8C-8F44-6E7979D5F761}.Ad-Hoc|iPhoneSimulator.Build.0 = Release|Any CPU
		{90DCBD4D-5674-4D8C-8F44-6E7979D5F761}.Ad-Hoc|x64.ActiveCfg = Release|Any CPU
		{90DCBD4D-5674-4D8C-8F44-6E7979D5F761}.Ad-Hoc|x64.Build.0 = Release|Any CPU
		{90DCBD4D-5674-4D8C-8F44-6E7979D5F761}.Ad-Hoc|x86.ActiveCfg = Release|Any CPU
		{90DCBD4D-5674-4D8C-8F44-6E7979D5F761}.Ad-Hoc|x86.Build.0 = Release|Any CPU
		{90DCBD4D-5674-4D8C-8F44-6E7979D5F761}.AppStore|Any CPU.ActiveCfg = Release|Any CPU
		{90DCBD4D-5674-4D8C-8F44-6E7979D5F761}.AppStore|Any CPU.Build.0 = Release|Any CPU
		{90DCBD4D-5674-4D8C-8F44-6E7979D5F761}.AppStore|ARM.ActiveCfg = Release|Any CPU
		{90DCBD4D-5674-4D8C-8F44-6E7979D5F761}.AppStore|ARM.Build.0 = Release|Any CPU
		{90DCBD4D-5674-4D8C-8F44-6E7979D5F761}.AppStore|iPhone.ActiveCfg = Release|Any CPU
		{90DCBD4D-5674-4D8C-8F44-6E7979D5F761}.AppStore|iPhone.Build.0 = Release|Any CPU
		{90DCBD4D-5674-4D8C-8F44-6E7979D5F761}.AppStore|iPhoneSimulator.ActiveCfg = Release|Any CPU
		{90DCBD4D-5674-4D8C-8F44-6E7979D5F761}.AppStore|iPhoneSimulator.Build.0 = Release|Any CPU
		{90DCBD4D-5674-4D8C-8F44-6E7979D5F761}.AppStore|x64.ActiveCfg = Release|Any CPU
		{90DCBD4D-5674-4D8C-8F44-6E7979D5F761}.AppStore|x64.Build.0 = Release|Any CPU
		{90DCBD4D-5674-4D8C-8F44-6E7979D5F761}.AppStore|x86.ActiveCfg = Release|Any CPU
		{90DCBD4D-5674-4D8C-8F44-6E7979D5F761}.AppStore|x86.Build.0 = Release|Any CPU
		{90DCBD4D-5674-4D8C-8F44-6E7979D5F761}.Debug|Any CPU.ActiveCfg = Debug|Any CPU
		{90DCBD4D-5674-4D8C-8F44-6E7979D5F761}.Debug|Any CPU.Build.0 = Debug|Any CPU
		{90DCBD4D-5674-4D8C-8F44-6E7979D5F761}.Debug|ARM.ActiveCfg = Debug|Any CPU
		{90DCBD4D-5674-4D8C-8F44-6E7979D5F761}.Debug|ARM.Build.0 = Debug|Any CPU
		{90DCBD4D-5674-4D8C-8F44-6E7979D5F761}.Debug|iPhone.ActiveCfg = Debug|Any CPU
		{90DCBD4D-5674-4D8C-8F44-6E7979D5F761}.Debug|iPhone.Build.0 = Debug|Any CPU
		{90DCBD4D-5674-4D8C-8F44-6E7979D5F761}.Debug|iPhoneSimulator.ActiveCfg = Debug|Any CPU
		{90DCBD4D-5674-4D8C-8F44-6E7979D5F761}.Debug|iPhoneSimulator.Build.0 = Debug|Any CPU
		{90DCBD4D-5674-4D8C-8F44-6E7979D5F761}.Debug|x64.ActiveCfg = Debug|Any CPU
		{90DCBD4D-5674-4D8C-8F44-6E7979D5F761}.Debug|x64.Build.0 = Debug|Any CPU
		{90DCBD4D-5674-4D8C-8F44-6E7979D5F761}.Debug|x86.ActiveCfg = Debug|Any CPU
		{90DCBD4D-5674-4D8C-8F44-6E7979D5F761}.Debug|x86.Build.0 = Debug|Any CPU
		{90DCBD4D-5674-4D8C-8F44-6E7979D5F761}.Release|Any CPU.ActiveCfg = Release|Any CPU
		{90DCBD4D-5674-4D8C-8F44-6E7979D5F761}.Release|Any CPU.Build.0 = Release|Any CPU
		{90DCBD4D-5674-4D8C-8F44-6E7979D5F761}.Release|ARM.ActiveCfg = Release|Any CPU
		{90DCBD4D-5674-4D8C-8F44-6E7979D5F761}.Release|ARM.Build.0 = Release|Any CPU
		{90DCBD4D-5674-4D8C-8F44-6E7979D5F761}.Release|iPhone.ActiveCfg = Release|Any CPU
		{90DCBD4D-5674-4D8C-8F44-6E7979D5F761}.Release|iPhone.Build.0 = Release|Any CPU
		{90DCBD4D-5674-4D8C-8F44-6E7979D5F761}.Release|iPhoneSimulator.ActiveCfg = Release|Any CPU
		{90DCBD4D-5674-4D8C-8F44-6E7979D5F761}.Release|iPhoneSimulator.Build.0 = Release|Any CPU
		{90DCBD4D-5674-4D8C-8F44-6E7979D5F761}.Release|x64.ActiveCfg = Release|Any CPU
		{90DCBD4D-5674-4D8C-8F44-6E7979D5F761}.Release|x64.Build.0 = Release|Any CPU
		{90DCBD4D-5674-4D8C-8F44-6E7979D5F761}.Release|x86.ActiveCfg = Release|Any CPU
		{90DCBD4D-5674-4D8C-8F44-6E7979D5F761}.Release|x86.Build.0 = Release|Any CPU
		{0BFDDB0F-DA3D-4972-9FED-76B8068E7883}.Ad-Hoc|Any CPU.ActiveCfg = Release|Any CPU
		{0BFDDB0F-DA3D-4972-9FED-76B8068E7883}.Ad-Hoc|Any CPU.Build.0 = Release|Any CPU
		{0BFDDB0F-DA3D-4972-9FED-76B8068E7883}.Ad-Hoc|ARM.ActiveCfg = Release|Any CPU
		{0BFDDB0F-DA3D-4972-9FED-76B8068E7883}.Ad-Hoc|ARM.Build.0 = Release|Any CPU
		{0BFDDB0F-DA3D-4972-9FED-76B8068E7883}.Ad-Hoc|iPhone.ActiveCfg = Release|Any CPU
		{0BFDDB0F-DA3D-4972-9FED-76B8068E7883}.Ad-Hoc|iPhone.Build.0 = Release|Any CPU
		{0BFDDB0F-DA3D-4972-9FED-76B8068E7883}.Ad-Hoc|iPhoneSimulator.ActiveCfg = Release|Any CPU
		{0BFDDB0F-DA3D-4972-9FED-76B8068E7883}.Ad-Hoc|iPhoneSimulator.Build.0 = Release|Any CPU
		{0BFDDB0F-DA3D-4972-9FED-76B8068E7883}.Ad-Hoc|x64.ActiveCfg = Release|Any CPU
		{0BFDDB0F-DA3D-4972-9FED-76B8068E7883}.Ad-Hoc|x64.Build.0 = Release|Any CPU
		{0BFDDB0F-DA3D-4972-9FED-76B8068E7883}.Ad-Hoc|x86.ActiveCfg = Release|Any CPU
		{0BFDDB0F-DA3D-4972-9FED-76B8068E7883}.Ad-Hoc|x86.Build.0 = Release|Any CPU
		{0BFDDB0F-DA3D-4972-9FED-76B8068E7883}.AppStore|Any CPU.ActiveCfg = Release|Any CPU
		{0BFDDB0F-DA3D-4972-9FED-76B8068E7883}.AppStore|Any CPU.Build.0 = Release|Any CPU
		{0BFDDB0F-DA3D-4972-9FED-76B8068E7883}.AppStore|ARM.ActiveCfg = Release|Any CPU
		{0BFDDB0F-DA3D-4972-9FED-76B8068E7883}.AppStore|ARM.Build.0 = Release|Any CPU
		{0BFDDB0F-DA3D-4972-9FED-76B8068E7883}.AppStore|iPhone.ActiveCfg = Release|Any CPU
		{0BFDDB0F-DA3D-4972-9FED-76B8068E7883}.AppStore|iPhone.Build.0 = Release|Any CPU
		{0BFDDB0F-DA3D-4972-9FED-76B8068E7883}.AppStore|iPhoneSimulator.ActiveCfg = Release|Any CPU
		{0BFDDB0F-DA3D-4972-9FED-76B8068E7883}.AppStore|iPhoneSimulator.Build.0 = Release|Any CPU
		{0BFDDB0F-DA3D-4972-9FED-76B8068E7883}.AppStore|x64.ActiveCfg = Release|Any CPU
		{0BFDDB0F-DA3D-4972-9FED-76B8068E7883}.AppStore|x64.Build.0 = Release|Any CPU
		{0BFDDB0F-DA3D-4972-9FED-76B8068E7883}.AppStore|x86.ActiveCfg = Release|Any CPU
		{0BFDDB0F-DA3D-4972-9FED-76B8068E7883}.AppStore|x86.Build.0 = Release|Any CPU
		{0BFDDB0F-DA3D-4972-9FED-76B8068E7883}.Debug|Any CPU.ActiveCfg = Debug|Any CPU
		{0BFDDB0F-DA3D-4972-9FED-76B8068E7883}.Debug|Any CPU.Build.0 = Debug|Any CPU
		{0BFDDB0F-DA3D-4972-9FED-76B8068E7883}.Debug|ARM.ActiveCfg = Debug|Any CPU
		{0BFDDB0F-DA3D-4972-9FED-76B8068E7883}.Debug|ARM.Build.0 = Debug|Any CPU
		{0BFDDB0F-DA3D-4972-9FED-76B8068E7883}.Debug|iPhone.ActiveCfg = Debug|Any CPU
		{0BFDDB0F-DA3D-4972-9FED-76B8068E7883}.Debug|iPhone.Build.0 = Debug|Any CPU
		{0BFDDB0F-DA3D-4972-9FED-76B8068E7883}.Debug|iPhoneSimulator.ActiveCfg = Debug|Any CPU
		{0BFDDB0F-DA3D-4972-9FED-76B8068E7883}.Debug|iPhoneSimulator.Build.0 = Debug|Any CPU
		{0BFDDB0F-DA3D-4972-9FED-76B8068E7883}.Debug|x64.ActiveCfg = Debug|Any CPU
		{0BFDDB0F-DA3D-4972-9FED-76B8068E7883}.Debug|x64.Build.0 = Debug|Any CPU
		{0BFDDB0F-DA3D-4972-9FED-76B8068E7883}.Debug|x86.ActiveCfg = Debug|Any CPU
		{0BFDDB0F-DA3D-4972-9FED-76B8068E7883}.Debug|x86.Build.0 = Debug|Any CPU
		{0BFDDB0F-DA3D-4972-9FED-76B8068E7883}.Release|Any CPU.ActiveCfg = Release|Any CPU
		{0BFDDB0F-DA3D-4972-9FED-76B8068E7883}.Release|Any CPU.Build.0 = Release|Any CPU
		{0BFDDB0F-DA3D-4972-9FED-76B8068E7883}.Release|ARM.ActiveCfg = Release|Any CPU
		{0BFDDB0F-DA3D-4972-9FED-76B8068E7883}.Release|ARM.Build.0 = Release|Any CPU
		{0BFDDB0F-DA3D-4972-9FED-76B8068E7883}.Release|iPhone.ActiveCfg = Release|Any CPU
		{0BFDDB0F-DA3D-4972-9FED-76B8068E7883}.Release|iPhone.Build.0 = Release|Any CPU
		{0BFDDB0F-DA3D-4972-9FED-76B8068E7883}.Release|iPhoneSimulator.ActiveCfg = Release|Any CPU
		{0BFDDB0F-DA3D-4972-9FED-76B8068E7883}.Release|iPhoneSimulator.Build.0 = Release|Any CPU
		{0BFDDB0F-DA3D-4972-9FED-76B8068E7883}.Release|x64.ActiveCfg = Release|Any CPU
		{0BFDDB0F-DA3D-4972-9FED-76B8068E7883}.Release|x64.Build.0 = Release|Any CPU
		{0BFDDB0F-DA3D-4972-9FED-76B8068E7883}.Release|x86.ActiveCfg = Release|Any CPU
		{0BFDDB0F-DA3D-4972-9FED-76B8068E7883}.Release|x86.Build.0 = Release|Any CPU
		{0CC7B98C-D6E7-4B4A-84E8-07B1C477A01D}.Ad-Hoc|Any CPU.ActiveCfg = Release|Any CPU
		{0CC7B98C-D6E7-4B4A-84E8-07B1C477A01D}.Ad-Hoc|Any CPU.Build.0 = Release|Any CPU
		{0CC7B98C-D6E7-4B4A-84E8-07B1C477A01D}.Ad-Hoc|ARM.ActiveCfg = Release|Any CPU
		{0CC7B98C-D6E7-4B4A-84E8-07B1C477A01D}.Ad-Hoc|ARM.Build.0 = Release|Any CPU
		{0CC7B98C-D6E7-4B4A-84E8-07B1C477A01D}.Ad-Hoc|iPhone.ActiveCfg = Release|Any CPU
		{0CC7B98C-D6E7-4B4A-84E8-07B1C477A01D}.Ad-Hoc|iPhone.Build.0 = Release|Any CPU
		{0CC7B98C-D6E7-4B4A-84E8-07B1C477A01D}.Ad-Hoc|iPhoneSimulator.ActiveCfg = Release|Any CPU
		{0CC7B98C-D6E7-4B4A-84E8-07B1C477A01D}.Ad-Hoc|iPhoneSimulator.Build.0 = Release|Any CPU
		{0CC7B98C-D6E7-4B4A-84E8-07B1C477A01D}.Ad-Hoc|x64.ActiveCfg = Release|Any CPU
		{0CC7B98C-D6E7-4B4A-84E8-07B1C477A01D}.Ad-Hoc|x64.Build.0 = Release|Any CPU
		{0CC7B98C-D6E7-4B4A-84E8-07B1C477A01D}.Ad-Hoc|x86.ActiveCfg = Release|Any CPU
		{0CC7B98C-D6E7-4B4A-84E8-07B1C477A01D}.Ad-Hoc|x86.Build.0 = Release|Any CPU
		{0CC7B98C-D6E7-4B4A-84E8-07B1C477A01D}.AppStore|Any CPU.ActiveCfg = Release|Any CPU
		{0CC7B98C-D6E7-4B4A-84E8-07B1C477A01D}.AppStore|Any CPU.Build.0 = Release|Any CPU
		{0CC7B98C-D6E7-4B4A-84E8-07B1C477A01D}.AppStore|ARM.ActiveCfg = Release|Any CPU
		{0CC7B98C-D6E7-4B4A-84E8-07B1C477A01D}.AppStore|ARM.Build.0 = Release|Any CPU
		{0CC7B98C-D6E7-4B4A-84E8-07B1C477A01D}.AppStore|iPhone.ActiveCfg = Release|Any CPU
		{0CC7B98C-D6E7-4B4A-84E8-07B1C477A01D}.AppStore|iPhone.Build.0 = Release|Any CPU
		{0CC7B98C-D6E7-4B4A-84E8-07B1C477A01D}.AppStore|iPhoneSimulator.ActiveCfg = Release|Any CPU
		{0CC7B98C-D6E7-4B4A-84E8-07B1C477A01D}.AppStore|iPhoneSimulator.Build.0 = Release|Any CPU
		{0CC7B98C-D6E7-4B4A-84E8-07B1C477A01D}.AppStore|x64.ActiveCfg = Release|Any CPU
		{0CC7B98C-D6E7-4B4A-84E8-07B1C477A01D}.AppStore|x64.Build.0 = Release|Any CPU
		{0CC7B98C-D6E7-4B4A-84E8-07B1C477A01D}.AppStore|x86.ActiveCfg = Release|Any CPU
		{0CC7B98C-D6E7-4B4A-84E8-07B1C477A01D}.AppStore|x86.Build.0 = Release|Any CPU
		{0CC7B98C-D6E7-4B4A-84E8-07B1C477A01D}.Debug|Any CPU.ActiveCfg = Debug|Any CPU
		{0CC7B98C-D6E7-4B4A-84E8-07B1C477A01D}.Debug|Any CPU.Build.0 = Debug|Any CPU
		{0CC7B98C-D6E7-4B4A-84E8-07B1C477A01D}.Debug|ARM.ActiveCfg = Debug|Any CPU
		{0CC7B98C-D6E7-4B4A-84E8-07B1C477A01D}.Debug|ARM.Build.0 = Debug|Any CPU
		{0CC7B98C-D6E7-4B4A-84E8-07B1C477A01D}.Debug|iPhone.ActiveCfg = Debug|Any CPU
		{0CC7B98C-D6E7-4B4A-84E8-07B1C477A01D}.Debug|iPhone.Build.0 = Debug|Any CPU
		{0CC7B98C-D6E7-4B4A-84E8-07B1C477A01D}.Debug|iPhoneSimulator.ActiveCfg = Debug|Any CPU
		{0CC7B98C-D6E7-4B4A-84E8-07B1C477A01D}.Debug|iPhoneSimulator.Build.0 = Debug|Any CPU
		{0CC7B98C-D6E7-4B4A-84E8-07B1C477A01D}.Debug|x64.ActiveCfg = Debug|Any CPU
		{0CC7B98C-D6E7-4B4A-84E8-07B1C477A01D}.Debug|x64.Build.0 = Debug|Any CPU
		{0CC7B98C-D6E7-4B4A-84E8-07B1C477A01D}.Debug|x86.ActiveCfg = Debug|Any CPU
		{0CC7B98C-D6E7-4B4A-84E8-07B1C477A01D}.Debug|x86.Build.0 = Debug|Any CPU
		{0CC7B98C-D6E7-4B4A-84E8-07B1C477A01D}.Release|Any CPU.ActiveCfg = Release|Any CPU
		{0CC7B98C-D6E7-4B4A-84E8-07B1C477A01D}.Release|Any CPU.Build.0 = Release|Any CPU
		{0CC7B98C-D6E7-4B4A-84E8-07B1C477A01D}.Release|ARM.ActiveCfg = Release|Any CPU
		{0CC7B98C-D6E7-4B4A-84E8-07B1C477A01D}.Release|ARM.Build.0 = Release|Any CPU
		{0CC7B98C-D6E7-4B4A-84E8-07B1C477A01D}.Release|iPhone.ActiveCfg = Release|Any CPU
		{0CC7B98C-D6E7-4B4A-84E8-07B1C477A01D}.Release|iPhone.Build.0 = Release|Any CPU
		{0CC7B98C-D6E7-4B4A-84E8-07B1C477A01D}.Release|iPhoneSimulator.ActiveCfg = Release|Any CPU
		{0CC7B98C-D6E7-4B4A-84E8-07B1C477A01D}.Release|iPhoneSimulator.Build.0 = Release|Any CPU
		{0CC7B98C-D6E7-4B4A-84E8-07B1C477A01D}.Release|x64.ActiveCfg = Release|Any CPU
		{0CC7B98C-D6E7-4B4A-84E8-07B1C477A01D}.Release|x64.Build.0 = Release|Any CPU
		{0CC7B98C-D6E7-4B4A-84E8-07B1C477A01D}.Release|x86.ActiveCfg = Release|Any CPU
		{0CC7B98C-D6E7-4B4A-84E8-07B1C477A01D}.Release|x86.Build.0 = Release|Any CPU
		{B5704B0E-987C-459A-BC6B-DC093DEF9F55}.Ad-Hoc|Any CPU.ActiveCfg = Release|Any CPU
		{B5704B0E-987C-459A-BC6B-DC093DEF9F55}.Ad-Hoc|Any CPU.Build.0 = Release|Any CPU
		{B5704B0E-987C-459A-BC6B-DC093DEF9F55}.Ad-Hoc|ARM.ActiveCfg = Release|Any CPU
		{B5704B0E-987C-459A-BC6B-DC093DEF9F55}.Ad-Hoc|ARM.Build.0 = Release|Any CPU
		{B5704B0E-987C-459A-BC6B-DC093DEF9F55}.Ad-Hoc|iPhone.ActiveCfg = Release|Any CPU
		{B5704B0E-987C-459A-BC6B-DC093DEF9F55}.Ad-Hoc|iPhone.Build.0 = Release|Any CPU
		{B5704B0E-987C-459A-BC6B-DC093DEF9F55}.Ad-Hoc|iPhoneSimulator.ActiveCfg = Release|Any CPU
		{B5704B0E-987C-459A-BC6B-DC093DEF9F55}.Ad-Hoc|iPhoneSimulator.Build.0 = Release|Any CPU
		{B5704B0E-987C-459A-BC6B-DC093DEF9F55}.Ad-Hoc|x64.ActiveCfg = Release|Any CPU
		{B5704B0E-987C-459A-BC6B-DC093DEF9F55}.Ad-Hoc|x64.Build.0 = Release|Any CPU
		{B5704B0E-987C-459A-BC6B-DC093DEF9F55}.Ad-Hoc|x86.ActiveCfg = Release|Any CPU
		{B5704B0E-987C-459A-BC6B-DC093DEF9F55}.Ad-Hoc|x86.Build.0 = Release|Any CPU
		{B5704B0E-987C-459A-BC6B-DC093DEF9F55}.AppStore|Any CPU.ActiveCfg = Release|Any CPU
		{B5704B0E-987C-459A-BC6B-DC093DEF9F55}.AppStore|Any CPU.Build.0 = Release|Any CPU
		{B5704B0E-987C-459A-BC6B-DC093DEF9F55}.AppStore|ARM.ActiveCfg = Release|Any CPU
		{B5704B0E-987C-459A-BC6B-DC093DEF9F55}.AppStore|ARM.Build.0 = Release|Any CPU
		{B5704B0E-987C-459A-BC6B-DC093DEF9F55}.AppStore|iPhone.ActiveCfg = Release|Any CPU
		{B5704B0E-987C-459A-BC6B-DC093DEF9F55}.AppStore|iPhone.Build.0 = Release|Any CPU
		{B5704B0E-987C-459A-BC6B-DC093DEF9F55}.AppStore|iPhoneSimulator.ActiveCfg = Release|Any CPU
		{B5704B0E-987C-459A-BC6B-DC093DEF9F55}.AppStore|iPhoneSimulator.Build.0 = Release|Any CPU
		{B5704B0E-987C-459A-BC6B-DC093DEF9F55}.AppStore|x64.ActiveCfg = Release|Any CPU
		{B5704B0E-987C-459A-BC6B-DC093DEF9F55}.AppStore|x64.Build.0 = Release|Any CPU
		{B5704B0E-987C-459A-BC6B-DC093DEF9F55}.AppStore|x86.ActiveCfg = Release|Any CPU
		{B5704B0E-987C-459A-BC6B-DC093DEF9F55}.AppStore|x86.Build.0 = Release|Any CPU
		{B5704B0E-987C-459A-BC6B-DC093DEF9F55}.Debug|Any CPU.ActiveCfg = Debug|Any CPU
		{B5704B0E-987C-459A-BC6B-DC093DEF9F55}.Debug|Any CPU.Build.0 = Debug|Any CPU
		{B5704B0E-987C-459A-BC6B-DC093DEF9F55}.Debug|ARM.ActiveCfg = Debug|Any CPU
		{B5704B0E-987C-459A-BC6B-DC093DEF9F55}.Debug|ARM.Build.0 = Debug|Any CPU
		{B5704B0E-987C-459A-BC6B-DC093DEF9F55}.Debug|iPhone.ActiveCfg = Debug|Any CPU
		{B5704B0E-987C-459A-BC6B-DC093DEF9F55}.Debug|iPhone.Build.0 = Debug|Any CPU
		{B5704B0E-987C-459A-BC6B-DC093DEF9F55}.Debug|iPhoneSimulator.ActiveCfg = Debug|Any CPU
		{B5704B0E-987C-459A-BC6B-DC093DEF9F55}.Debug|iPhoneSimulator.Build.0 = Debug|Any CPU
		{B5704B0E-987C-459A-BC6B-DC093DEF9F55}.Debug|x64.ActiveCfg = Debug|Any CPU
		{B5704B0E-987C-459A-BC6B-DC093DEF9F55}.Debug|x64.Build.0 = Debug|Any CPU
		{B5704B0E-987C-459A-BC6B-DC093DEF9F55}.Debug|x86.ActiveCfg = Debug|Any CPU
		{B5704B0E-987C-459A-BC6B-DC093DEF9F55}.Debug|x86.Build.0 = Debug|Any CPU
		{B5704B0E-987C-459A-BC6B-DC093DEF9F55}.Release|Any CPU.ActiveCfg = Release|Any CPU
		{B5704B0E-987C-459A-BC6B-DC093DEF9F55}.Release|Any CPU.Build.0 = Release|Any CPU
		{B5704B0E-987C-459A-BC6B-DC093DEF9F55}.Release|ARM.ActiveCfg = Release|Any CPU
		{B5704B0E-987C-459A-BC6B-DC093DEF9F55}.Release|ARM.Build.0 = Release|Any CPU
		{B5704B0E-987C-459A-BC6B-DC093DEF9F55}.Release|iPhone.ActiveCfg = Release|Any CPU
		{B5704B0E-987C-459A-BC6B-DC093DEF9F55}.Release|iPhone.Build.0 = Release|Any CPU
		{B5704B0E-987C-459A-BC6B-DC093DEF9F55}.Release|iPhoneSimulator.ActiveCfg = Release|Any CPU
		{B5704B0E-987C-459A-BC6B-DC093DEF9F55}.Release|iPhoneSimulator.Build.0 = Release|Any CPU
		{B5704B0E-987C-459A-BC6B-DC093DEF9F55}.Release|x64.ActiveCfg = Release|Any CPU
		{B5704B0E-987C-459A-BC6B-DC093DEF9F55}.Release|x64.Build.0 = Release|Any CPU
		{B5704B0E-987C-459A-BC6B-DC093DEF9F55}.Release|x86.ActiveCfg = Release|Any CPU
		{B5704B0E-987C-459A-BC6B-DC093DEF9F55}.Release|x86.Build.0 = Release|Any CPU
		{5C269A55-1A13-4D26-91E1-54F6E33B7519}.Ad-Hoc|Any CPU.ActiveCfg = Release|Any CPU
		{5C269A55-1A13-4D26-91E1-54F6E33B7519}.Ad-Hoc|Any CPU.Build.0 = Release|Any CPU
		{5C269A55-1A13-4D26-91E1-54F6E33B7519}.Ad-Hoc|ARM.ActiveCfg = Release|Any CPU
		{5C269A55-1A13-4D26-91E1-54F6E33B7519}.Ad-Hoc|ARM.Build.0 = Release|Any CPU
		{5C269A55-1A13-4D26-91E1-54F6E33B7519}.Ad-Hoc|iPhone.ActiveCfg = Release|Any CPU
		{5C269A55-1A13-4D26-91E1-54F6E33B7519}.Ad-Hoc|iPhone.Build.0 = Release|Any CPU
		{5C269A55-1A13-4D26-91E1-54F6E33B7519}.Ad-Hoc|iPhoneSimulator.ActiveCfg = Release|Any CPU
		{5C269A55-1A13-4D26-91E1-54F6E33B7519}.Ad-Hoc|iPhoneSimulator.Build.0 = Release|Any CPU
		{5C269A55-1A13-4D26-91E1-54F6E33B7519}.Ad-Hoc|x64.ActiveCfg = Release|Any CPU
		{5C269A55-1A13-4D26-91E1-54F6E33B7519}.Ad-Hoc|x64.Build.0 = Release|Any CPU
		{5C269A55-1A13-4D26-91E1-54F6E33B7519}.Ad-Hoc|x86.ActiveCfg = Release|Any CPU
		{5C269A55-1A13-4D26-91E1-54F6E33B7519}.Ad-Hoc|x86.Build.0 = Release|Any CPU
		{5C269A55-1A13-4D26-91E1-54F6E33B7519}.AppStore|Any CPU.ActiveCfg = Release|Any CPU
		{5C269A55-1A13-4D26-91E1-54F6E33B7519}.AppStore|Any CPU.Build.0 = Release|Any CPU
		{5C269A55-1A13-4D26-91E1-54F6E33B7519}.AppStore|ARM.ActiveCfg = Release|Any CPU
		{5C269A55-1A13-4D26-91E1-54F6E33B7519}.AppStore|ARM.Build.0 = Release|Any CPU
		{5C269A55-1A13-4D26-91E1-54F6E33B7519}.AppStore|iPhone.ActiveCfg = Release|Any CPU
		{5C269A55-1A13-4D26-91E1-54F6E33B7519}.AppStore|iPhone.Build.0 = Release|Any CPU
		{5C269A55-1A13-4D26-91E1-54F6E33B7519}.AppStore|iPhoneSimulator.ActiveCfg = Release|Any CPU
		{5C269A55-1A13-4D26-91E1-54F6E33B7519}.AppStore|iPhoneSimulator.Build.0 = Release|Any CPU
		{5C269A55-1A13-4D26-91E1-54F6E33B7519}.AppStore|x64.ActiveCfg = Release|Any CPU
		{5C269A55-1A13-4D26-91E1-54F6E33B7519}.AppStore|x64.Build.0 = Release|Any CPU
		{5C269A55-1A13-4D26-91E1-54F6E33B7519}.AppStore|x86.ActiveCfg = Release|Any CPU
		{5C269A55-1A13-4D26-91E1-54F6E33B7519}.AppStore|x86.Build.0 = Release|Any CPU
		{5C269A55-1A13-4D26-91E1-54F6E33B7519}.Debug|Any CPU.ActiveCfg = Debug|Any CPU
		{5C269A55-1A13-4D26-91E1-54F6E33B7519}.Debug|Any CPU.Build.0 = Debug|Any CPU
		{5C269A55-1A13-4D26-91E1-54F6E33B7519}.Debug|ARM.ActiveCfg = Debug|Any CPU
		{5C269A55-1A13-4D26-91E1-54F6E33B7519}.Debug|ARM.Build.0 = Debug|Any CPU
		{5C269A55-1A13-4D26-91E1-54F6E33B7519}.Debug|iPhone.ActiveCfg = Debug|Any CPU
		{5C269A55-1A13-4D26-91E1-54F6E33B7519}.Debug|iPhone.Build.0 = Debug|Any CPU
		{5C269A55-1A13-4D26-91E1-54F6E33B7519}.Debug|iPhoneSimulator.ActiveCfg = Debug|Any CPU
		{5C269A55-1A13-4D26-91E1-54F6E33B7519}.Debug|iPhoneSimulator.Build.0 = Debug|Any CPU
		{5C269A55-1A13-4D26-91E1-54F6E33B7519}.Debug|x64.ActiveCfg = Debug|Any CPU
		{5C269A55-1A13-4D26-91E1-54F6E33B7519}.Debug|x64.Build.0 = Debug|Any CPU
		{5C269A55-1A13-4D26-91E1-54F6E33B7519}.Debug|x86.ActiveCfg = Debug|Any CPU
		{5C269A55-1A13-4D26-91E1-54F6E33B7519}.Debug|x86.Build.0 = Debug|Any CPU
		{5C269A55-1A13-4D26-91E1-54F6E33B7519}.Release|Any CPU.ActiveCfg = Release|Any CPU
		{5C269A55-1A13-4D26-91E1-54F6E33B7519}.Release|Any CPU.Build.0 = Release|Any CPU
		{5C269A55-1A13-4D26-91E1-54F6E33B7519}.Release|ARM.ActiveCfg = Release|Any CPU
		{5C269A55-1A13-4D26-91E1-54F6E33B7519}.Release|ARM.Build.0 = Release|Any CPU
		{5C269A55-1A13-4D26-91E1-54F6E33B7519}.Release|iPhone.ActiveCfg = Release|Any CPU
		{5C269A55-1A13-4D26-91E1-54F6E33B7519}.Release|iPhone.Build.0 = Release|Any CPU
		{5C269A55-1A13-4D26-91E1-54F6E33B7519}.Release|iPhoneSimulator.ActiveCfg = Release|Any CPU
		{5C269A55-1A13-4D26-91E1-54F6E33B7519}.Release|iPhoneSimulator.Build.0 = Release|Any CPU
		{5C269A55-1A13-4D26-91E1-54F6E33B7519}.Release|x64.ActiveCfg = Release|Any CPU
		{5C269A55-1A13-4D26-91E1-54F6E33B7519}.Release|x64.Build.0 = Release|Any CPU
		{5C269A55-1A13-4D26-91E1-54F6E33B7519}.Release|x86.ActiveCfg = Release|Any CPU
		{5C269A55-1A13-4D26-91E1-54F6E33B7519}.Release|x86.Build.0 = Release|Any CPU
		{353D3995-F53F-48F7-81CA-70F855433905}.Ad-Hoc|Any CPU.ActiveCfg = Release|Any CPU
		{353D3995-F53F-48F7-81CA-70F855433905}.Ad-Hoc|Any CPU.Build.0 = Release|Any CPU
		{353D3995-F53F-48F7-81CA-70F855433905}.Ad-Hoc|ARM.ActiveCfg = Release|Any CPU
		{353D3995-F53F-48F7-81CA-70F855433905}.Ad-Hoc|ARM.Build.0 = Release|Any CPU
		{353D3995-F53F-48F7-81CA-70F855433905}.Ad-Hoc|iPhone.ActiveCfg = Release|Any CPU
		{353D3995-F53F-48F7-81CA-70F855433905}.Ad-Hoc|iPhone.Build.0 = Release|Any CPU
		{353D3995-F53F-48F7-81CA-70F855433905}.Ad-Hoc|iPhoneSimulator.ActiveCfg = Release|Any CPU
		{353D3995-F53F-48F7-81CA-70F855433905}.Ad-Hoc|iPhoneSimulator.Build.0 = Release|Any CPU
		{353D3995-F53F-48F7-81CA-70F855433905}.Ad-Hoc|x64.ActiveCfg = Release|Any CPU
		{353D3995-F53F-48F7-81CA-70F855433905}.Ad-Hoc|x64.Build.0 = Release|Any CPU
		{353D3995-F53F-48F7-81CA-70F855433905}.Ad-Hoc|x86.ActiveCfg = Release|Any CPU
		{353D3995-F53F-48F7-81CA-70F855433905}.Ad-Hoc|x86.Build.0 = Release|Any CPU
		{353D3995-F53F-48F7-81CA-70F855433905}.AppStore|Any CPU.ActiveCfg = Release|Any CPU
		{353D3995-F53F-48F7-81CA-70F855433905}.AppStore|Any CPU.Build.0 = Release|Any CPU
		{353D3995-F53F-48F7-81CA-70F855433905}.AppStore|ARM.ActiveCfg = Release|Any CPU
		{353D3995-F53F-48F7-81CA-70F855433905}.AppStore|ARM.Build.0 = Release|Any CPU
		{353D3995-F53F-48F7-81CA-70F855433905}.AppStore|iPhone.ActiveCfg = Release|Any CPU
		{353D3995-F53F-48F7-81CA-70F855433905}.AppStore|iPhone.Build.0 = Release|Any CPU
		{353D3995-F53F-48F7-81CA-70F855433905}.AppStore|iPhoneSimulator.ActiveCfg = Release|Any CPU
		{353D3995-F53F-48F7-81CA-70F855433905}.AppStore|iPhoneSimulator.Build.0 = Release|Any CPU
		{353D3995-F53F-48F7-81CA-70F855433905}.AppStore|x64.ActiveCfg = Release|Any CPU
		{353D3995-F53F-48F7-81CA-70F855433905}.AppStore|x64.Build.0 = Release|Any CPU
		{353D3995-F53F-48F7-81CA-70F855433905}.AppStore|x86.ActiveCfg = Release|Any CPU
		{353D3995-F53F-48F7-81CA-70F855433905}.AppStore|x86.Build.0 = Release|Any CPU
		{353D3995-F53F-48F7-81CA-70F855433905}.Debug|Any CPU.ActiveCfg = Debug|Any CPU
		{353D3995-F53F-48F7-81CA-70F855433905}.Debug|Any CPU.Build.0 = Debug|Any CPU
		{353D3995-F53F-48F7-81CA-70F855433905}.Debug|ARM.ActiveCfg = Debug|Any CPU
		{353D3995-F53F-48F7-81CA-70F855433905}.Debug|ARM.Build.0 = Debug|Any CPU
		{353D3995-F53F-48F7-81CA-70F855433905}.Debug|iPhone.ActiveCfg = Debug|Any CPU
		{353D3995-F53F-48F7-81CA-70F855433905}.Debug|iPhone.Build.0 = Debug|Any CPU
		{353D3995-F53F-48F7-81CA-70F855433905}.Debug|iPhoneSimulator.ActiveCfg = Debug|Any CPU
		{353D3995-F53F-48F7-81CA-70F855433905}.Debug|iPhoneSimulator.Build.0 = Debug|Any CPU
		{353D3995-F53F-48F7-81CA-70F855433905}.Debug|x64.ActiveCfg = Debug|Any CPU
		{353D3995-F53F-48F7-81CA-70F855433905}.Debug|x64.Build.0 = Debug|Any CPU
		{353D3995-F53F-48F7-81CA-70F855433905}.Debug|x86.ActiveCfg = Debug|Any CPU
		{353D3995-F53F-48F7-81CA-70F855433905}.Debug|x86.Build.0 = Debug|Any CPU
		{353D3995-F53F-48F7-81CA-70F855433905}.Release|Any CPU.ActiveCfg = Release|Any CPU
		{353D3995-F53F-48F7-81CA-70F855433905}.Release|Any CPU.Build.0 = Release|Any CPU
		{353D3995-F53F-48F7-81CA-70F855433905}.Release|ARM.ActiveCfg = Release|Any CPU
		{353D3995-F53F-48F7-81CA-70F855433905}.Release|ARM.Build.0 = Release|Any CPU
		{353D3995-F53F-48F7-81CA-70F855433905}.Release|iPhone.ActiveCfg = Release|Any CPU
		{353D3995-F53F-48F7-81CA-70F855433905}.Release|iPhone.Build.0 = Release|Any CPU
		{353D3995-F53F-48F7-81CA-70F855433905}.Release|iPhoneSimulator.ActiveCfg = Release|Any CPU
		{353D3995-F53F-48F7-81CA-70F855433905}.Release|iPhoneSimulator.Build.0 = Release|Any CPU
		{353D3995-F53F-48F7-81CA-70F855433905}.Release|x64.ActiveCfg = Release|Any CPU
		{353D3995-F53F-48F7-81CA-70F855433905}.Release|x64.Build.0 = Release|Any CPU
		{353D3995-F53F-48F7-81CA-70F855433905}.Release|x86.ActiveCfg = Release|Any CPU
		{353D3995-F53F-48F7-81CA-70F855433905}.Release|x86.Build.0 = Release|Any CPU
		{62961524-3D25-4EED-8912-4CE18C380F28}.Ad-Hoc|Any CPU.ActiveCfg = Release|Any CPU
		{62961524-3D25-4EED-8912-4CE18C380F28}.Ad-Hoc|Any CPU.Build.0 = Release|Any CPU
		{62961524-3D25-4EED-8912-4CE18C380F28}.Ad-Hoc|Any CPU.Deploy.0 = Release|Any CPU
		{62961524-3D25-4EED-8912-4CE18C380F28}.Ad-Hoc|ARM.ActiveCfg = Release|Any CPU
		{62961524-3D25-4EED-8912-4CE18C380F28}.Ad-Hoc|ARM.Build.0 = Release|Any CPU
		{62961524-3D25-4EED-8912-4CE18C380F28}.Ad-Hoc|ARM.Deploy.0 = Release|Any CPU
		{62961524-3D25-4EED-8912-4CE18C380F28}.Ad-Hoc|iPhone.ActiveCfg = Release|Any CPU
		{62961524-3D25-4EED-8912-4CE18C380F28}.Ad-Hoc|iPhone.Build.0 = Release|Any CPU
		{62961524-3D25-4EED-8912-4CE18C380F28}.Ad-Hoc|iPhone.Deploy.0 = Release|Any CPU
		{62961524-3D25-4EED-8912-4CE18C380F28}.Ad-Hoc|iPhoneSimulator.ActiveCfg = Release|Any CPU
		{62961524-3D25-4EED-8912-4CE18C380F28}.Ad-Hoc|iPhoneSimulator.Build.0 = Release|Any CPU
		{62961524-3D25-4EED-8912-4CE18C380F28}.Ad-Hoc|iPhoneSimulator.Deploy.0 = Release|Any CPU
		{62961524-3D25-4EED-8912-4CE18C380F28}.Ad-Hoc|x64.ActiveCfg = Release|Any CPU
		{62961524-3D25-4EED-8912-4CE18C380F28}.Ad-Hoc|x64.Build.0 = Release|Any CPU
		{62961524-3D25-4EED-8912-4CE18C380F28}.Ad-Hoc|x64.Deploy.0 = Release|Any CPU
		{62961524-3D25-4EED-8912-4CE18C380F28}.Ad-Hoc|x86.ActiveCfg = Release|Any CPU
		{62961524-3D25-4EED-8912-4CE18C380F28}.Ad-Hoc|x86.Build.0 = Release|Any CPU
		{62961524-3D25-4EED-8912-4CE18C380F28}.Ad-Hoc|x86.Deploy.0 = Release|Any CPU
		{62961524-3D25-4EED-8912-4CE18C380F28}.AppStore|Any CPU.ActiveCfg = Release|Any CPU
		{62961524-3D25-4EED-8912-4CE18C380F28}.AppStore|Any CPU.Build.0 = Release|Any CPU
		{62961524-3D25-4EED-8912-4CE18C380F28}.AppStore|Any CPU.Deploy.0 = Release|Any CPU
		{62961524-3D25-4EED-8912-4CE18C380F28}.AppStore|ARM.ActiveCfg = Release|Any CPU
		{62961524-3D25-4EED-8912-4CE18C380F28}.AppStore|ARM.Build.0 = Release|Any CPU
		{62961524-3D25-4EED-8912-4CE18C380F28}.AppStore|ARM.Deploy.0 = Release|Any CPU
		{62961524-3D25-4EED-8912-4CE18C380F28}.AppStore|iPhone.ActiveCfg = Release|Any CPU
		{62961524-3D25-4EED-8912-4CE18C380F28}.AppStore|iPhone.Build.0 = Release|Any CPU
		{62961524-3D25-4EED-8912-4CE18C380F28}.AppStore|iPhone.Deploy.0 = Release|Any CPU
		{62961524-3D25-4EED-8912-4CE18C380F28}.AppStore|iPhoneSimulator.ActiveCfg = Release|Any CPU
		{62961524-3D25-4EED-8912-4CE18C380F28}.AppStore|iPhoneSimulator.Build.0 = Release|Any CPU
		{62961524-3D25-4EED-8912-4CE18C380F28}.AppStore|iPhoneSimulator.Deploy.0 = Release|Any CPU
		{62961524-3D25-4EED-8912-4CE18C380F28}.AppStore|x64.ActiveCfg = Release|Any CPU
		{62961524-3D25-4EED-8912-4CE18C380F28}.AppStore|x64.Build.0 = Release|Any CPU
		{62961524-3D25-4EED-8912-4CE18C380F28}.AppStore|x64.Deploy.0 = Release|Any CPU
		{62961524-3D25-4EED-8912-4CE18C380F28}.AppStore|x86.ActiveCfg = Release|Any CPU
		{62961524-3D25-4EED-8912-4CE18C380F28}.AppStore|x86.Build.0 = Release|Any CPU
		{62961524-3D25-4EED-8912-4CE18C380F28}.AppStore|x86.Deploy.0 = Release|Any CPU
		{62961524-3D25-4EED-8912-4CE18C380F28}.Debug|Any CPU.ActiveCfg = Debug|Any CPU
		{62961524-3D25-4EED-8912-4CE18C380F28}.Debug|Any CPU.Build.0 = Debug|Any CPU
		{62961524-3D25-4EED-8912-4CE18C380F28}.Debug|Any CPU.Deploy.0 = Debug|Any CPU
		{62961524-3D25-4EED-8912-4CE18C380F28}.Debug|ARM.ActiveCfg = Debug|Any CPU
		{62961524-3D25-4EED-8912-4CE18C380F28}.Debug|ARM.Build.0 = Debug|Any CPU
		{62961524-3D25-4EED-8912-4CE18C380F28}.Debug|ARM.Deploy.0 = Debug|Any CPU
		{62961524-3D25-4EED-8912-4CE18C380F28}.Debug|iPhone.ActiveCfg = Debug|Any CPU
		{62961524-3D25-4EED-8912-4CE18C380F28}.Debug|iPhone.Build.0 = Debug|Any CPU
		{62961524-3D25-4EED-8912-4CE18C380F28}.Debug|iPhone.Deploy.0 = Debug|Any CPU
		{62961524-3D25-4EED-8912-4CE18C380F28}.Debug|iPhoneSimulator.ActiveCfg = Debug|Any CPU
		{62961524-3D25-4EED-8912-4CE18C380F28}.Debug|iPhoneSimulator.Build.0 = Debug|Any CPU
		{62961524-3D25-4EED-8912-4CE18C380F28}.Debug|iPhoneSimulator.Deploy.0 = Debug|Any CPU
		{62961524-3D25-4EED-8912-4CE18C380F28}.Debug|x64.ActiveCfg = Debug|Any CPU
		{62961524-3D25-4EED-8912-4CE18C380F28}.Debug|x64.Build.0 = Debug|Any CPU
		{62961524-3D25-4EED-8912-4CE18C380F28}.Debug|x64.Deploy.0 = Debug|Any CPU
		{62961524-3D25-4EED-8912-4CE18C380F28}.Debug|x86.ActiveCfg = Debug|Any CPU
		{62961524-3D25-4EED-8912-4CE18C380F28}.Debug|x86.Build.0 = Debug|Any CPU
		{62961524-3D25-4EED-8912-4CE18C380F28}.Debug|x86.Deploy.0 = Debug|Any CPU
		{62961524-3D25-4EED-8912-4CE18C380F28}.Release|Any CPU.ActiveCfg = Release|Any CPU
		{62961524-3D25-4EED-8912-4CE18C380F28}.Release|Any CPU.Build.0 = Release|Any CPU
		{62961524-3D25-4EED-8912-4CE18C380F28}.Release|Any CPU.Deploy.0 = Release|Any CPU
		{62961524-3D25-4EED-8912-4CE18C380F28}.Release|ARM.ActiveCfg = Release|Any CPU
		{62961524-3D25-4EED-8912-4CE18C380F28}.Release|ARM.Build.0 = Release|Any CPU
		{62961524-3D25-4EED-8912-4CE18C380F28}.Release|ARM.Deploy.0 = Release|Any CPU
		{62961524-3D25-4EED-8912-4CE18C380F28}.Release|iPhone.ActiveCfg = Release|Any CPU
		{62961524-3D25-4EED-8912-4CE18C380F28}.Release|iPhone.Build.0 = Release|Any CPU
		{62961524-3D25-4EED-8912-4CE18C380F28}.Release|iPhone.Deploy.0 = Release|Any CPU
		{62961524-3D25-4EED-8912-4CE18C380F28}.Release|iPhoneSimulator.ActiveCfg = Release|Any CPU
		{62961524-3D25-4EED-8912-4CE18C380F28}.Release|iPhoneSimulator.Build.0 = Release|Any CPU
		{62961524-3D25-4EED-8912-4CE18C380F28}.Release|iPhoneSimulator.Deploy.0 = Release|Any CPU
		{62961524-3D25-4EED-8912-4CE18C380F28}.Release|x64.ActiveCfg = Release|Any CPU
		{62961524-3D25-4EED-8912-4CE18C380F28}.Release|x64.Build.0 = Release|Any CPU
		{62961524-3D25-4EED-8912-4CE18C380F28}.Release|x64.Deploy.0 = Release|Any CPU
		{62961524-3D25-4EED-8912-4CE18C380F28}.Release|x86.ActiveCfg = Release|Any CPU
		{62961524-3D25-4EED-8912-4CE18C380F28}.Release|x86.Build.0 = Release|Any CPU
		{62961524-3D25-4EED-8912-4CE18C380F28}.Release|x86.Deploy.0 = Release|Any CPU
		{F9018A5E-45C8-45EE-A4F9-983B10767BF4}.Ad-Hoc|Any CPU.ActiveCfg = Release|Any CPU
		{F9018A5E-45C8-45EE-A4F9-983B10767BF4}.Ad-Hoc|Any CPU.Build.0 = Release|Any CPU
		{F9018A5E-45C8-45EE-A4F9-983B10767BF4}.Ad-Hoc|ARM.ActiveCfg = Release|Any CPU
		{F9018A5E-45C8-45EE-A4F9-983B10767BF4}.Ad-Hoc|ARM.Build.0 = Release|Any CPU
		{F9018A5E-45C8-45EE-A4F9-983B10767BF4}.Ad-Hoc|iPhone.ActiveCfg = Release|Any CPU
		{F9018A5E-45C8-45EE-A4F9-983B10767BF4}.Ad-Hoc|iPhone.Build.0 = Release|Any CPU
		{F9018A5E-45C8-45EE-A4F9-983B10767BF4}.Ad-Hoc|iPhoneSimulator.ActiveCfg = Release|Any CPU
		{F9018A5E-45C8-45EE-A4F9-983B10767BF4}.Ad-Hoc|iPhoneSimulator.Build.0 = Release|Any CPU
		{F9018A5E-45C8-45EE-A4F9-983B10767BF4}.Ad-Hoc|x64.ActiveCfg = Release|Any CPU
		{F9018A5E-45C8-45EE-A4F9-983B10767BF4}.Ad-Hoc|x64.Build.0 = Release|Any CPU
		{F9018A5E-45C8-45EE-A4F9-983B10767BF4}.Ad-Hoc|x86.ActiveCfg = Release|Any CPU
		{F9018A5E-45C8-45EE-A4F9-983B10767BF4}.Ad-Hoc|x86.Build.0 = Release|Any CPU
		{F9018A5E-45C8-45EE-A4F9-983B10767BF4}.AppStore|Any CPU.ActiveCfg = Release|Any CPU
		{F9018A5E-45C8-45EE-A4F9-983B10767BF4}.AppStore|Any CPU.Build.0 = Release|Any CPU
		{F9018A5E-45C8-45EE-A4F9-983B10767BF4}.AppStore|ARM.ActiveCfg = Release|Any CPU
		{F9018A5E-45C8-45EE-A4F9-983B10767BF4}.AppStore|ARM.Build.0 = Release|Any CPU
		{F9018A5E-45C8-45EE-A4F9-983B10767BF4}.AppStore|iPhone.ActiveCfg = Release|Any CPU
		{F9018A5E-45C8-45EE-A4F9-983B10767BF4}.AppStore|iPhone.Build.0 = Release|Any CPU
		{F9018A5E-45C8-45EE-A4F9-983B10767BF4}.AppStore|iPhoneSimulator.ActiveCfg = Release|Any CPU
		{F9018A5E-45C8-45EE-A4F9-983B10767BF4}.AppStore|iPhoneSimulator.Build.0 = Release|Any CPU
		{F9018A5E-45C8-45EE-A4F9-983B10767BF4}.AppStore|x64.ActiveCfg = Release|Any CPU
		{F9018A5E-45C8-45EE-A4F9-983B10767BF4}.AppStore|x64.Build.0 = Release|Any CPU
		{F9018A5E-45C8-45EE-A4F9-983B10767BF4}.AppStore|x86.ActiveCfg = Release|Any CPU
		{F9018A5E-45C8-45EE-A4F9-983B10767BF4}.AppStore|x86.Build.0 = Release|Any CPU
		{F9018A5E-45C8-45EE-A4F9-983B10767BF4}.Debug|Any CPU.ActiveCfg = Debug|Any CPU
		{F9018A5E-45C8-45EE-A4F9-983B10767BF4}.Debug|Any CPU.Build.0 = Debug|Any CPU
		{F9018A5E-45C8-45EE-A4F9-983B10767BF4}.Debug|ARM.ActiveCfg = Debug|Any CPU
		{F9018A5E-45C8-45EE-A4F9-983B10767BF4}.Debug|ARM.Build.0 = Debug|Any CPU
		{F9018A5E-45C8-45EE-A4F9-983B10767BF4}.Debug|iPhone.ActiveCfg = Debug|Any CPU
		{F9018A5E-45C8-45EE-A4F9-983B10767BF4}.Debug|iPhone.Build.0 = Debug|Any CPU
		{F9018A5E-45C8-45EE-A4F9-983B10767BF4}.Debug|iPhoneSimulator.ActiveCfg = Debug|Any CPU
		{F9018A5E-45C8-45EE-A4F9-983B10767BF4}.Debug|iPhoneSimulator.Build.0 = Debug|Any CPU
		{F9018A5E-45C8-45EE-A4F9-983B10767BF4}.Debug|x64.ActiveCfg = Debug|Any CPU
		{F9018A5E-45C8-45EE-A4F9-983B10767BF4}.Debug|x64.Build.0 = Debug|Any CPU
		{F9018A5E-45C8-45EE-A4F9-983B10767BF4}.Debug|x86.ActiveCfg = Debug|Any CPU
		{F9018A5E-45C8-45EE-A4F9-983B10767BF4}.Debug|x86.Build.0 = Debug|Any CPU
		{F9018A5E-45C8-45EE-A4F9-983B10767BF4}.Release|Any CPU.ActiveCfg = Release|Any CPU
		{F9018A5E-45C8-45EE-A4F9-983B10767BF4}.Release|Any CPU.Build.0 = Release|Any CPU
		{F9018A5E-45C8-45EE-A4F9-983B10767BF4}.Release|ARM.ActiveCfg = Release|Any CPU
		{F9018A5E-45C8-45EE-A4F9-983B10767BF4}.Release|ARM.Build.0 = Release|Any CPU
		{F9018A5E-45C8-45EE-A4F9-983B10767BF4}.Release|iPhone.ActiveCfg = Release|Any CPU
		{F9018A5E-45C8-45EE-A4F9-983B10767BF4}.Release|iPhone.Build.0 = Release|Any CPU
		{F9018A5E-45C8-45EE-A4F9-983B10767BF4}.Release|iPhoneSimulator.ActiveCfg = Release|Any CPU
		{F9018A5E-45C8-45EE-A4F9-983B10767BF4}.Release|iPhoneSimulator.Build.0 = Release|Any CPU
		{F9018A5E-45C8-45EE-A4F9-983B10767BF4}.Release|x64.ActiveCfg = Release|Any CPU
		{F9018A5E-45C8-45EE-A4F9-983B10767BF4}.Release|x64.Build.0 = Release|Any CPU
		{F9018A5E-45C8-45EE-A4F9-983B10767BF4}.Release|x86.ActiveCfg = Release|Any CPU
		{F9018A5E-45C8-45EE-A4F9-983B10767BF4}.Release|x86.Build.0 = Release|Any CPU
		{754C0F1F-F2D8-4EED-AA8C-EA45D6D379BC}.Ad-Hoc|Any CPU.ActiveCfg = Release|x86
		{754C0F1F-F2D8-4EED-AA8C-EA45D6D379BC}.Ad-Hoc|Any CPU.Build.0 = Release|x86
		{754C0F1F-F2D8-4EED-AA8C-EA45D6D379BC}.Ad-Hoc|Any CPU.Deploy.0 = Release|x86
		{754C0F1F-F2D8-4EED-AA8C-EA45D6D379BC}.Ad-Hoc|ARM.ActiveCfg = Release|ARM
		{754C0F1F-F2D8-4EED-AA8C-EA45D6D379BC}.Ad-Hoc|ARM.Build.0 = Release|ARM
		{754C0F1F-F2D8-4EED-AA8C-EA45D6D379BC}.Ad-Hoc|ARM.Deploy.0 = Release|ARM
		{754C0F1F-F2D8-4EED-AA8C-EA45D6D379BC}.Ad-Hoc|iPhone.ActiveCfg = Release|x86
		{754C0F1F-F2D8-4EED-AA8C-EA45D6D379BC}.Ad-Hoc|iPhone.Build.0 = Release|x86
		{754C0F1F-F2D8-4EED-AA8C-EA45D6D379BC}.Ad-Hoc|iPhone.Deploy.0 = Release|x86
		{754C0F1F-F2D8-4EED-AA8C-EA45D6D379BC}.Ad-Hoc|iPhoneSimulator.ActiveCfg = Release|x86
		{754C0F1F-F2D8-4EED-AA8C-EA45D6D379BC}.Ad-Hoc|iPhoneSimulator.Build.0 = Release|x86
		{754C0F1F-F2D8-4EED-AA8C-EA45D6D379BC}.Ad-Hoc|iPhoneSimulator.Deploy.0 = Release|x86
		{754C0F1F-F2D8-4EED-AA8C-EA45D6D379BC}.Ad-Hoc|x64.ActiveCfg = Release|x64
		{754C0F1F-F2D8-4EED-AA8C-EA45D6D379BC}.Ad-Hoc|x64.Build.0 = Release|x64
		{754C0F1F-F2D8-4EED-AA8C-EA45D6D379BC}.Ad-Hoc|x64.Deploy.0 = Release|x64
		{754C0F1F-F2D8-4EED-AA8C-EA45D6D379BC}.Ad-Hoc|x86.ActiveCfg = Release|x86
		{754C0F1F-F2D8-4EED-AA8C-EA45D6D379BC}.Ad-Hoc|x86.Build.0 = Release|x86
		{754C0F1F-F2D8-4EED-AA8C-EA45D6D379BC}.Ad-Hoc|x86.Deploy.0 = Release|x86
		{754C0F1F-F2D8-4EED-AA8C-EA45D6D379BC}.AppStore|Any CPU.ActiveCfg = Release|x86
		{754C0F1F-F2D8-4EED-AA8C-EA45D6D379BC}.AppStore|Any CPU.Build.0 = Release|x86
		{754C0F1F-F2D8-4EED-AA8C-EA45D6D379BC}.AppStore|Any CPU.Deploy.0 = Release|x86
		{754C0F1F-F2D8-4EED-AA8C-EA45D6D379BC}.AppStore|ARM.ActiveCfg = Release|ARM
		{754C0F1F-F2D8-4EED-AA8C-EA45D6D379BC}.AppStore|ARM.Build.0 = Release|ARM
		{754C0F1F-F2D8-4EED-AA8C-EA45D6D379BC}.AppStore|ARM.Deploy.0 = Release|ARM
		{754C0F1F-F2D8-4EED-AA8C-EA45D6D379BC}.AppStore|iPhone.ActiveCfg = Release|x86
		{754C0F1F-F2D8-4EED-AA8C-EA45D6D379BC}.AppStore|iPhone.Build.0 = Release|x86
		{754C0F1F-F2D8-4EED-AA8C-EA45D6D379BC}.AppStore|iPhone.Deploy.0 = Release|x86
		{754C0F1F-F2D8-4EED-AA8C-EA45D6D379BC}.AppStore|iPhoneSimulator.ActiveCfg = Release|x86
		{754C0F1F-F2D8-4EED-AA8C-EA45D6D379BC}.AppStore|iPhoneSimulator.Build.0 = Release|x86
		{754C0F1F-F2D8-4EED-AA8C-EA45D6D379BC}.AppStore|iPhoneSimulator.Deploy.0 = Release|x86
		{754C0F1F-F2D8-4EED-AA8C-EA45D6D379BC}.AppStore|x64.ActiveCfg = Release|x64
		{754C0F1F-F2D8-4EED-AA8C-EA45D6D379BC}.AppStore|x64.Build.0 = Release|x64
		{754C0F1F-F2D8-4EED-AA8C-EA45D6D379BC}.AppStore|x64.Deploy.0 = Release|x64
		{754C0F1F-F2D8-4EED-AA8C-EA45D6D379BC}.AppStore|x86.ActiveCfg = Release|x86
		{754C0F1F-F2D8-4EED-AA8C-EA45D6D379BC}.AppStore|x86.Build.0 = Release|x86
		{754C0F1F-F2D8-4EED-AA8C-EA45D6D379BC}.AppStore|x86.Deploy.0 = Release|x86
		{754C0F1F-F2D8-4EED-AA8C-EA45D6D379BC}.Debug|Any CPU.ActiveCfg = Debug|x86
		{754C0F1F-F2D8-4EED-AA8C-EA45D6D379BC}.Debug|ARM.ActiveCfg = Debug|ARM
		{754C0F1F-F2D8-4EED-AA8C-EA45D6D379BC}.Debug|ARM.Build.0 = Debug|ARM
		{754C0F1F-F2D8-4EED-AA8C-EA45D6D379BC}.Debug|ARM.Deploy.0 = Debug|ARM
		{754C0F1F-F2D8-4EED-AA8C-EA45D6D379BC}.Debug|iPhone.ActiveCfg = Debug|x86
		{754C0F1F-F2D8-4EED-AA8C-EA45D6D379BC}.Debug|iPhoneSimulator.ActiveCfg = Debug|x86
		{754C0F1F-F2D8-4EED-AA8C-EA45D6D379BC}.Debug|x64.ActiveCfg = Debug|x64
		{754C0F1F-F2D8-4EED-AA8C-EA45D6D379BC}.Debug|x64.Build.0 = Debug|x64
		{754C0F1F-F2D8-4EED-AA8C-EA45D6D379BC}.Debug|x64.Deploy.0 = Debug|x64
		{754C0F1F-F2D8-4EED-AA8C-EA45D6D379BC}.Debug|x86.ActiveCfg = Debug|x86
		{754C0F1F-F2D8-4EED-AA8C-EA45D6D379BC}.Debug|x86.Build.0 = Debug|x86
		{754C0F1F-F2D8-4EED-AA8C-EA45D6D379BC}.Debug|x86.Deploy.0 = Debug|x86
		{754C0F1F-F2D8-4EED-AA8C-EA45D6D379BC}.Release|Any CPU.ActiveCfg = Release|x86
		{754C0F1F-F2D8-4EED-AA8C-EA45D6D379BC}.Release|ARM.ActiveCfg = Release|ARM
		{754C0F1F-F2D8-4EED-AA8C-EA45D6D379BC}.Release|ARM.Build.0 = Release|ARM
		{754C0F1F-F2D8-4EED-AA8C-EA45D6D379BC}.Release|ARM.Deploy.0 = Release|ARM
		{754C0F1F-F2D8-4EED-AA8C-EA45D6D379BC}.Release|iPhone.ActiveCfg = Release|x86
		{754C0F1F-F2D8-4EED-AA8C-EA45D6D379BC}.Release|iPhoneSimulator.ActiveCfg = Release|x86
		{754C0F1F-F2D8-4EED-AA8C-EA45D6D379BC}.Release|x64.ActiveCfg = Release|x64
		{754C0F1F-F2D8-4EED-AA8C-EA45D6D379BC}.Release|x64.Build.0 = Release|x64
		{754C0F1F-F2D8-4EED-AA8C-EA45D6D379BC}.Release|x64.Deploy.0 = Release|x64
		{754C0F1F-F2D8-4EED-AA8C-EA45D6D379BC}.Release|x86.ActiveCfg = Release|x86
		{754C0F1F-F2D8-4EED-AA8C-EA45D6D379BC}.Release|x86.Build.0 = Release|x86
		{754C0F1F-F2D8-4EED-AA8C-EA45D6D379BC}.Release|x86.Deploy.0 = Release|x86
		{E37977D2-BC31-43DF-A1A2-97A1FCAB0CD2}.Ad-Hoc|Any CPU.ActiveCfg = Ad-Hoc|iPhone
		{E37977D2-BC31-43DF-A1A2-97A1FCAB0CD2}.Ad-Hoc|ARM.ActiveCfg = Ad-Hoc|iPhone
		{E37977D2-BC31-43DF-A1A2-97A1FCAB0CD2}.Ad-Hoc|iPhone.ActiveCfg = Ad-Hoc|iPhone
		{E37977D2-BC31-43DF-A1A2-97A1FCAB0CD2}.Ad-Hoc|iPhone.Build.0 = Ad-Hoc|iPhone
		{E37977D2-BC31-43DF-A1A2-97A1FCAB0CD2}.Ad-Hoc|iPhoneSimulator.ActiveCfg = Ad-Hoc|iPhoneSimulator
		{E37977D2-BC31-43DF-A1A2-97A1FCAB0CD2}.Ad-Hoc|iPhoneSimulator.Build.0 = Ad-Hoc|iPhoneSimulator
		{E37977D2-BC31-43DF-A1A2-97A1FCAB0CD2}.Ad-Hoc|x64.ActiveCfg = Ad-Hoc|iPhone
		{E37977D2-BC31-43DF-A1A2-97A1FCAB0CD2}.Ad-Hoc|x86.ActiveCfg = Ad-Hoc|iPhone
		{E37977D2-BC31-43DF-A1A2-97A1FCAB0CD2}.AppStore|Any CPU.ActiveCfg = AppStore|iPhone
		{E37977D2-BC31-43DF-A1A2-97A1FCAB0CD2}.AppStore|ARM.ActiveCfg = AppStore|iPhone
		{E37977D2-BC31-43DF-A1A2-97A1FCAB0CD2}.AppStore|iPhone.ActiveCfg = AppStore|iPhone
		{E37977D2-BC31-43DF-A1A2-97A1FCAB0CD2}.AppStore|iPhone.Build.0 = AppStore|iPhone
		{E37977D2-BC31-43DF-A1A2-97A1FCAB0CD2}.AppStore|iPhoneSimulator.ActiveCfg = AppStore|iPhoneSimulator
		{E37977D2-BC31-43DF-A1A2-97A1FCAB0CD2}.AppStore|iPhoneSimulator.Build.0 = AppStore|iPhoneSimulator
		{E37977D2-BC31-43DF-A1A2-97A1FCAB0CD2}.AppStore|x64.ActiveCfg = AppStore|iPhone
		{E37977D2-BC31-43DF-A1A2-97A1FCAB0CD2}.AppStore|x86.ActiveCfg = AppStore|iPhone
		{E37977D2-BC31-43DF-A1A2-97A1FCAB0CD2}.Debug|Any CPU.ActiveCfg = Debug|iPhone
		{E37977D2-BC31-43DF-A1A2-97A1FCAB0CD2}.Debug|ARM.ActiveCfg = Debug|iPhone
		{E37977D2-BC31-43DF-A1A2-97A1FCAB0CD2}.Debug|iPhone.ActiveCfg = Debug|iPhone
		{E37977D2-BC31-43DF-A1A2-97A1FCAB0CD2}.Debug|iPhone.Build.0 = Debug|iPhone
		{E37977D2-BC31-43DF-A1A2-97A1FCAB0CD2}.Debug|iPhoneSimulator.ActiveCfg = Debug|iPhoneSimulator
		{E37977D2-BC31-43DF-A1A2-97A1FCAB0CD2}.Debug|iPhoneSimulator.Build.0 = Debug|iPhoneSimulator
		{E37977D2-BC31-43DF-A1A2-97A1FCAB0CD2}.Debug|x64.ActiveCfg = Debug|iPhone
		{E37977D2-BC31-43DF-A1A2-97A1FCAB0CD2}.Debug|x86.ActiveCfg = Debug|iPhone
		{E37977D2-BC31-43DF-A1A2-97A1FCAB0CD2}.Release|Any CPU.ActiveCfg = Release|iPhone
		{E37977D2-BC31-43DF-A1A2-97A1FCAB0CD2}.Release|ARM.ActiveCfg = Release|iPhone
		{E37977D2-BC31-43DF-A1A2-97A1FCAB0CD2}.Release|iPhone.ActiveCfg = Release|iPhone
		{E37977D2-BC31-43DF-A1A2-97A1FCAB0CD2}.Release|iPhone.Build.0 = Release|iPhone
		{E37977D2-BC31-43DF-A1A2-97A1FCAB0CD2}.Release|iPhoneSimulator.ActiveCfg = Release|iPhoneSimulator
		{E37977D2-BC31-43DF-A1A2-97A1FCAB0CD2}.Release|iPhoneSimulator.Build.0 = Release|iPhoneSimulator
		{E37977D2-BC31-43DF-A1A2-97A1FCAB0CD2}.Release|x64.ActiveCfg = Release|iPhone
		{E37977D2-BC31-43DF-A1A2-97A1FCAB0CD2}.Release|x86.ActiveCfg = Release|iPhone
	EndGlobalSection
	GlobalSection(SolutionProperties) = preSolution
		HideSolutionNode = FALSE
	EndGlobalSection
	GlobalSection(NestedProjects) = preSolution
		{A0CB88E8-04FA-423D-9404-73D4DF9BAF49} = {2658AEE0-CB55-480D-8240-3598F1C7F5C1}
		{90DCBD4D-5674-4D8C-8F44-6E7979D5F761} = {592B1C88-3697-493E-9164-DE408500EDF4}
		{0BFDDB0F-DA3D-4972-9FED-76B8068E7883} = {592B1C88-3697-493E-9164-DE408500EDF4}
		{0CC7B98C-D6E7-4B4A-84E8-07B1C477A01D} = {A24C8BC2-089E-4C2D-9C41-C1E453AD2DDA}
		{B5704B0E-987C-459A-BC6B-DC093DEF9F55} = {A24C8BC2-089E-4C2D-9C41-C1E453AD2DDA}
		{62961524-3D25-4EED-8912-4CE18C380F28} = {87F01E10-A43F-4E4F-9539-D884B6FA112A}
		{F9018A5E-45C8-45EE-A4F9-983B10767BF4} = {87F01E10-A43F-4E4F-9539-D884B6FA112A}
		{754C0F1F-F2D8-4EED-AA8C-EA45D6D379BC} = {87F01E10-A43F-4E4F-9539-D884B6FA112A}
		{E37977D2-BC31-43DF-A1A2-97A1FCAB0CD2} = {87F01E10-A43F-4E4F-9539-D884B6FA112A}
	EndGlobalSection
	GlobalSection(ExtensibilityGlobals) = postSolution
		SolutionGuid = {013FC1C5-D9D7-4414-9FAB-A4A4423C02B8}
	EndGlobalSection
EndGlobal
