
Microsoft Visual Studio Solution File, Format Version 12.00
# Visual Studio 15
VisualStudioVersion = 15.0.26730.15
MinimumVisualStudioVersion = 10.0.40219.1
Project("{FAE04EC0-301F-11D3-BF4B-00C04F79EFBC}") = "PairOfNumbers", "PairOfNumbers\PairOfNumbers.csproj", "{EFBFBF00-CBCE-4CCB-9373-BF478B4F617E}"
EndProject
Project("{FAE04EC0-301F-11D3-BF4B-00C04F79EFBC}") = "UnitTests", "UnitTests\UnitTests.csproj", "{CC4F0D38-A688-42A2-BE0E-EFDFE2C42EDB}"
EndProject
Project("{FAE04EC0-301F-11D3-BF4B-00C04F79EFBC}") = "PairOfNumbers.Console", "PairOfNumbers.Console\PairOfNumbers.Console.csproj", "{8E5DE921-393A-4EFA-A1FE-9B353CA777C5}"
EndProject
Global
	GlobalSection(SolutionConfigurationPlatforms) = preSolution
		Debug|Any CPU = Debug|Any CPU
		Release|Any CPU = Release|Any CPU
	EndGlobalSection
	GlobalSection(ProjectConfigurationPlatforms) = postSolution
		{EFBFBF00-CBCE-4CCB-9373-BF478B4F617E}.Debug|Any CPU.ActiveCfg = Debug|Any CPU
		{EFBFBF00-CBCE-4CCB-9373-BF478B4F617E}.Debug|Any CPU.Build.0 = Debug|Any CPU
		{EFBFBF00-CBCE-4CCB-9373-BF478B4F617E}.Release|Any CPU.ActiveCfg = Release|Any CPU
		{EFBFBF00-CBCE-4CCB-9373-BF478B4F617E}.Release|Any CPU.Build.0 = Release|Any CPU
		{CC4F0D38-A688-42A2-BE0E-EFDFE2C42EDB}.Debug|Any CPU.ActiveCfg = Debug|Any CPU
		{CC4F0D38-A688-42A2-BE0E-EFDFE2C42EDB}.Debug|Any CPU.Build.0 = Debug|Any CPU
		{CC4F0D38-A688-42A2-BE0E-EFDFE2C42EDB}.Release|Any CPU.ActiveCfg = Release|Any CPU
		{CC4F0D38-A688-42A2-BE0E-EFDFE2C42EDB}.Release|Any CPU.Build.0 = Release|Any CPU
		{8E5DE921-393A-4EFA-A1FE-9B353CA777C5}.Debug|Any CPU.ActiveCfg = Debug|Any CPU
		{8E5DE921-393A-4EFA-A1FE-9B353CA777C5}.Debug|Any CPU.Build.0 = Debug|Any CPU
		{8E5DE921-393A-4EFA-A1FE-9B353CA777C5}.Release|Any CPU.ActiveCfg = Release|Any CPU
		{8E5DE921-393A-4EFA-A1FE-9B353CA777C5}.Release|Any CPU.Build.0 = Release|Any CPU
	EndGlobalSection
	GlobalSection(SolutionProperties) = preSolution
		HideSolutionNode = FALSE
	EndGlobalSection
	GlobalSection(ExtensibilityGlobals) = postSolution
		SolutionGuid = {FB14CEEF-C78E-4C1A-B19B-C01E4B35E19E}
	EndGlobalSection
EndGlobal
